// !$*UTF8*$!
{
	archiveVersion = 1;
	classes = {
	};
	objectVersion = 56;
	objects = {

/* Begin PBXBuildFile section */
		7D6328892AB76A3700E1EF2B /* _dSceneSwiftUIApp.swift in Sources */ = {isa = PBXBuildFile; fileRef = 7D6328882AB76A3700E1EF2B /* _dSceneSwiftUIApp.swift */; };
		7D63288B2AB76A3700E1EF2B /* ContentView.swift in Sources */ = {isa = PBXBuildFile; fileRef = 7D63288A2AB76A3700E1EF2B /* ContentView.swift */; };
		7D63288D2AB76A3900E1EF2B /* Assets.xcassets in Resources */ = {isa = PBXBuildFile; fileRef = 7D63288C2AB76A3900E1EF2B /* Assets.xcassets */; };
		7D6328902AB76A3900E1EF2B /* Preview Assets.xcassets in Resources */ = {isa = PBXBuildFile; fileRef = 7D63288F2AB76A3900E1EF2B /* Preview Assets.xcassets */; };
		7DF2B0382AB7779F00BC46AC /* PathGenerator.swift in Sources */ = {isa = PBXBuildFile; fileRef = 7DF2B0372AB7779F00BC46AC /* PathGenerator.swift */; };
		7DF2B03A2AB777F000BC46AC /* SceneKitView.swift in Sources */ = {isa = PBXBuildFile; fileRef = 7DF2B0392AB777F000BC46AC /* SceneKitView.swift */; };
		7DF2B03C2AB7789300BC46AC /* Model.swift in Sources */ = {isa = PBXBuildFile; fileRef = 7DF2B03B2AB7789300BC46AC /* Model.swift */; };
		7DF2B03F2AB77CC300BC46AC /* ViewModel.swift in Sources */ = {isa = PBXBuildFile; fileRef = 7DF2B03E2AB77CC300BC46AC /* ViewModel.swift */; };
		7DF2B0422AB7AABD00BC46AC /* Turf in Frameworks */ = {isa = PBXBuildFile; productRef = 7DF2B0412AB7AABD00BC46AC /* Turf */; };
/* End PBXBuildFile section */

/* Begin PBXFileReference section */
		7D6328852AB76A3700E1EF2B /* 3dSceneSwiftUI.app */ = {isa = PBXFileReference; explicitFileType = wrapper.application; includeInIndex = 0; path = 3dSceneSwiftUI.app; sourceTree = BUILT_PRODUCTS_DIR; };
		7D6328882AB76A3700E1EF2B /* _dSceneSwiftUIApp.swift */ = {isa = PBXFileReference; lastKnownFileType = sourcecode.swift; path = _dSceneSwiftUIApp.swift; sourceTree = "<group>"; };
		7D63288A2AB76A3700E1EF2B /* ContentView.swift */ = {isa = PBXFileReference; lastKnownFileType = sourcecode.swift; path = ContentView.swift; sourceTree = "<group>"; };
		7D63288C2AB76A3900E1EF2B /* Assets.xcassets */ = {isa = PBXFileReference; lastKnownFileType = folder.assetcatalog; path = Assets.xcassets; sourceTree = "<group>"; };
		7D63288F2AB76A3900E1EF2B /* Preview Assets.xcassets */ = {isa = PBXFileReference; lastKnownFileType = folder.assetcatalog; path = "Preview Assets.xcassets"; sourceTree = "<group>"; };
		7DF2B0372AB7779F00BC46AC /* PathGenerator.swift */ = {isa = PBXFileReference; lastKnownFileType = sourcecode.swift; path = PathGenerator.swift; sourceTree = "<group>"; };
		7DF2B0392AB777F000BC46AC /* SceneKitView.swift */ = {isa = PBXFileReference; lastKnownFileType = sourcecode.swift; path = SceneKitView.swift; sourceTree = "<group>"; };
		7DF2B03B2AB7789300BC46AC /* Model.swift */ = {isa = PBXFileReference; lastKnownFileType = sourcecode.swift; path = Model.swift; sourceTree = "<group>"; };
		7DF2B03E2AB77CC300BC46AC /* ViewModel.swift */ = {isa = PBXFileReference; lastKnownFileType = sourcecode.swift; path = ViewModel.swift; sourceTree = "<group>"; };
/* End PBXFileReference section */

/* Begin PBXFrameworksBuildPhase section */
		7D6328822AB76A3700E1EF2B /* Frameworks */ = {
			isa = PBXFrameworksBuildPhase;
			buildActionMask = 2147483647;
			files = (
				7DF2B0422AB7AABD00BC46AC /* Turf in Frameworks */,
			);
			runOnlyForDeploymentPostprocessing = 0;
		};
/* End PBXFrameworksBuildPhase section */

/* Begin PBXGroup section */
		7D63287C2AB76A3700E1EF2B = {
			isa = PBXGroup;
			children = (
				7D6328872AB76A3700E1EF2B /* 3dSceneSwiftUI */,
				7D6328862AB76A3700E1EF2B /* Products */,
			);
			sourceTree = "<group>";
		};
		7D6328862AB76A3700E1EF2B /* Products */ = {
			isa = PBXGroup;
			children = (
				7D6328852AB76A3700E1EF2B /* 3dSceneSwiftUI.app */,
			);
			name = Products;
			sourceTree = "<group>";
		};
		7D6328872AB76A3700E1EF2B /* 3dSceneSwiftUI */ = {
			isa = PBXGroup;
			children = (
				7D6328882AB76A3700E1EF2B /* _dSceneSwiftUIApp.swift */,
				7D63288A2AB76A3700E1EF2B /* ContentView.swift */,
				7DF2B0392AB777F000BC46AC /* SceneKitView.swift */,
				7DF2B0372AB7779F00BC46AC /* PathGenerator.swift */,
				7DF2B03B2AB7789300BC46AC /* Model.swift */,
				7D63288C2AB76A3900E1EF2B /* Assets.xcassets */,
				7D63288E2AB76A3900E1EF2B /* Preview Content */,
				7DF2B03E2AB77CC300BC46AC /* ViewModel.swift */,
			);
			path = 3dSceneSwiftUI;
			sourceTree = "<group>";
		};
		7D63288E2AB76A3900E1EF2B /* Preview Content */ = {
			isa = PBXGroup;
			children = (
				7D63288F2AB76A3900E1EF2B /* Preview Assets.xcassets */,
			);
			path = "Preview Content";
			sourceTree = "<group>";
		};
/* End PBXGroup section */

/* Begin PBXNativeTarget section */
		7D6328842AB76A3700E1EF2B /* 3dSceneSwiftUI */ = {
			isa = PBXNativeTarget;
			buildConfigurationList = 7D6328932AB76A3900E1EF2B /* Build configuration list for PBXNativeTarget "3dSceneSwiftUI" */;
			buildPhases = (
				7D6328812AB76A3700E1EF2B /* Sources */,
				7D6328822AB76A3700E1EF2B /* Frameworks */,
				7D6328832AB76A3700E1EF2B /* Resources */,
			);
			buildRules = (
			);
			dependencies = (
			);
			name = 3dSceneSwiftUI;
			packageProductDependencies = (
				7DF2B0412AB7AABD00BC46AC /* Turf */,
			);
			productName = 3dSceneSwiftUI;
			productReference = 7D6328852AB76A3700E1EF2B /* 3dSceneSwiftUI.app */;
			productType = "com.apple.product-type.application";
		};
/* End PBXNativeTarget section */

/* Begin PBXProject section */
		7D63287D2AB76A3700E1EF2B /* Project object */ = {
			isa = PBXProject;
			attributes = {
				BuildIndependentTargetsInParallel = 1;
				LastSwiftUpdateCheck = 1430;
				LastUpgradeCheck = 1430;
				TargetAttributes = {
					7D6328842AB76A3700E1EF2B = {
						CreatedOnToolsVersion = 14.3.1;
					};
				};
			};
			buildConfigurationList = 7D6328802AB76A3700E1EF2B /* Build configuration list for PBXProject "3dSceneSwiftUI" */;
			compatibilityVersion = "Xcode 14.0";
			developmentRegion = en;
			hasScannedForEncodings = 0;
			knownRegions = (
				en,
				Base,
			);
			mainGroup = 7D63287C2AB76A3700E1EF2B;
			packageReferences = (
				7DF2B0402AB7AABD00BC46AC /* XCRemoteSwiftPackageReference "turf-swift" */,
			);
			productRefGroup = 7D6328862AB76A3700E1EF2B /* Products */;
			projectDirPath = "";
			projectRoot = "";
			targets = (
				7D6328842AB76A3700E1EF2B /* 3dSceneSwiftUI */,
			);
		};
/* End PBXProject section */

/* Begin PBXResourcesBuildPhase section */
		7D6328832AB76A3700E1EF2B /* Resources */ = {
			isa = PBXResourcesBuildPhase;
			buildActionMask = 2147483647;
			files = (
				7D6328902AB76A3900E1EF2B /* Preview Assets.xcassets in Resources */,
				7D63288D2AB76A3900E1EF2B /* Assets.xcassets in Resources */,
			);
			runOnlyForDeploymentPostprocessing = 0;
		};
/* End PBXResourcesBuildPhase section */

/* Begin PBXSourcesBuildPhase section */
		7D6328812AB76A3700E1EF2B /* Sources */ = {
			isa = PBXSourcesBuildPhase;
			buildActionMask = 2147483647;
			files = (
				7DF2B03C2AB7789300BC46AC /* Model.swift in Sources */,
				7D63288B2AB76A3700E1EF2B /* ContentView.swift in Sources */,
				7DF2B0382AB7779F00BC46AC /* PathGenerator.swift in Sources */,
				7DF2B03A2AB777F000BC46AC /* SceneKitView.swift in Sources */,
				7DF2B03F2AB77CC300BC46AC /* ViewModel.swift in Sources */,
				7D6328892AB76A3700E1EF2B /* _dSceneSwiftUIApp.swift in Sources */,
			);
			runOnlyForDeploymentPostprocessing = 0;
		};
/* End PBXSourcesBuildPhase section */

/* Begin XCBuildConfiguration section */
		7D6328912AB76A3900E1EF2B /* Debug */ = {
			isa = XCBuildConfiguration;
			buildSettings = {
				ALWAYS_SEARCH_USER_PATHS = NO;
				CLANG_ANALYZER_NONNULL = YES;
				CLANG_ANALYZER_NUMBER_OBJECT_CONVERSION = YES_AGGRESSIVE;
				CLANG_CXX_LANGUAGE_STANDARD = "gnu++20";
				CLANG_ENABLE_MODULES = YES;
				CLANG_ENABLE_OBJC_ARC = YES;
				CLANG_ENABLE_OBJC_WEAK = YES;
				CLANG_WARN_BLOCK_CAPTURE_AUTORELEASING = YES;
				CLANG_WARN_BOOL_CONVERSION = YES;
				CLANG_WARN_COMMA = YES;
				CLANG_WARN_CONSTANT_CONVERSION = YES;
				CLANG_WARN_DEPRECATED_OBJC_IMPLEMENTATIONS = YES;
				CLANG_WARN_DIRECT_OBJC_ISA_USAGE = YES_ERROR;
				CLANG_WARN_DOCUMENTATION_COMMENTS = YES;
				CLANG_WARN_EMPTY_BODY = YES;
				CLANG_WARN_ENUM_CONVERSION = YES;
				CLANG_WARN_INFINITE_RECURSION = YES;
				CLANG_WARN_INT_CONVERSION = YES;
				CLANG_WARN_NON_LITERAL_NULL_CONVERSION = YES;
				CLANG_WARN_OBJC_IMPLICIT_RETAIN_SELF = YES;
				CLANG_WARN_OBJC_LITERAL_CONVERSION = YES;
				CLANG_WARN_OBJC_ROOT_CLASS = YES_ERROR;
				CLANG_WARN_QUOTED_INCLUDE_IN_FRAMEWORK_HEADER = YES;
				CLANG_WARN_RANGE_LOOP_ANALYSIS = YES;
				CLANG_WARN_STRICT_PROTOTYPES = YES;
				CLANG_WARN_SUSPICIOUS_MOVE = YES;
				CLANG_WARN_UNGUARDED_AVAILABILITY = YES_AGGRESSIVE;
				CLANG_WARN_UNREACHABLE_CODE = YES;
				CLANG_WARN__DUPLICATE_METHOD_MATCH = YES;
				COPY_PHASE_STRIP = NO;
				DEBUG_INFORMATION_FORMAT = dwarf;
				ENABLE_STRICT_OBJC_MSGSEND = YES;
				ENABLE_TESTABILITY = YES;
				GCC_C_LANGUAGE_STANDARD = gnu11;
				GCC_DYNAMIC_NO_PIC = NO;
				GCC_NO_COMMON_BLOCKS = YES;
				GCC_OPTIMIZATION_LEVEL = 0;
				GCC_PREPROCESSOR_DEFINITIONS = (
					"DEBUG=1",
					"$(inherited)",
				);
				GCC_WARN_64_TO_32_BIT_CONVERSION = YES;
				GCC_WARN_ABOUT_RETURN_TYPE = YES_ERROR;
				GCC_WARN_UNDECLARED_SELECTOR = YES;
				GCC_WARN_UNINITIALIZED_AUTOS = YES_AGGRESSIVE;
				GCC_WARN_UNUSED_FUNCTION = YES;
				GCC_WARN_UNUSED_VARIABLE = YES;
				IPHONEOS_DEPLOYMENT_TARGET = 14.0;
				MTL_ENABLE_DEBUG_INFO = INCLUDE_SOURCE;
				MTL_FAST_MATH = YES;
				ONLY_ACTIVE_ARCH = YES;
				SDKROOT = iphoneos;
				SWIFT_ACTIVE_COMPILATION_CONDITIONS = DEBUG;
				SWIFT_OPTIMIZATION_LEVEL = "-Onone";
			};
			name = Debug;
		};
		7D6328922AB76A3900E1EF2B /* Release */ = {
			isa = XCBuildConfiguration;
			buildSettings = {
				ALWAYS_SEARCH_USER_PATHS = NO;
				CLANG_ANALYZER_NONNULL = YES;
				CLANG_ANALYZER_NUMBER_OBJECT_CONVERSION = YES_AGGRESSIVE;
				CLANG_CXX_LANGUAGE_STANDARD = "gnu++20";
				CLANG_ENABLE_MODULES = YES;
				CLANG_ENABLE_OBJC_ARC = YES;
				CLANG_ENABLE_OBJC_WEAK = YES;
				CLANG_WARN_BLOCK_CAPTURE_AUTORELEASING = YES;
				CLANG_WARN_BOOL_CONVERSION = YES;
				CLANG_WARN_COMMA = YES;
				CLANG_WARN_CONSTANT_CONVERSION = YES;
				CLANG_WARN_DEPRECATED_OBJC_IMPLEMENTATIONS = YES;
				CLANG_WARN_DIRECT_OBJC_ISA_USAGE = YES_ERROR;
				CLANG_WARN_DOCUMENTATION_COMMENTS = YES;
				CLANG_WARN_EMPTY_BODY = YES;
				CLANG_WARN_ENUM_CONVERSION = YES;
				CLANG_WARN_INFINITE_RECURSION = YES;
				CLANG_WARN_INT_CONVERSION = YES;
				CLANG_WARN_NON_LITERAL_NULL_CONVERSION = YES;
				CLANG_WARN_OBJC_IMPLICIT_RETAIN_SELF = YES;
				CLANG_WARN_OBJC_LITERAL_CONVERSION = YES;
				CLANG_WARN_OBJC_ROOT_CLASS = YES_ERROR;
				CLANG_WARN_QUOTED_INCLUDE_IN_FRAMEWORK_HEADER = YES;
				CLANG_WARN_RANGE_LOOP_ANALYSIS = YES;
				CLANG_WARN_STRICT_PROTOTYPES = YES;
				CLANG_WARN_SUSPICIOUS_MOVE = YES;
				CLANG_WARN_UNGUARDED_AVAILABILITY = YES_AGGRESSIVE;
				CLANG_WARN_UNREACHABLE_CODE = YES;
				CLANG_WARN__DUPLICATE_METHOD_MATCH = YES;
				COPY_PHASE_STRIP = NO;
				DEBUG_INFORMATION_FORMAT = "dwarf-with-dsym";
				ENABLE_NS_ASSERTIONS = NO;
				ENABLE_STRICT_OBJC_MSGSEND = YES;
				GCC_C_LANGUAGE_STANDARD = gnu11;
				GCC_NO_COMMON_BLOCKS = YES;
				GCC_WARN_64_TO_32_BIT_CONVERSION = YES;
				GCC_WARN_ABOUT_RETURN_TYPE = YES_ERROR;
				GCC_WARN_UNDECLARED_SELECTOR = YES;
				GCC_WARN_UNINITIALIZED_AUTOS = YES_AGGRESSIVE;
				GCC_WARN_UNUSED_FUNCTION = YES;
				GCC_WARN_UNUSED_VARIABLE = YES;
				IPHONEOS_DEPLOYMENT_TARGET = 14.0;
				MTL_ENABLE_DEBUG_INFO = NO;
				MTL_FAST_MATH = YES;
				SDKROOT = iphoneos;
				SWIFT_COMPILATION_MODE = wholemodule;
				SWIFT_OPTIMIZATION_LEVEL = "-O";
				VALIDATE_PRODUCT = YES;
			};
			name = Release;
		};
		7D6328942AB76A3900E1EF2B /* Debug */ = {
			isa = XCBuildConfiguration;
			buildSettings = {
				ASSETCATALOG_COMPILER_APPICON_NAME = AppIcon;
				ASSETCATALOG_COMPILER_GLOBAL_ACCENT_COLOR_NAME = AccentColor;
				CODE_SIGN_STYLE = Automatic;
				CURRENT_PROJECT_VERSION = 1;
				DEVELOPMENT_ASSET_PATHS = "\"3dSceneSwiftUI/Preview Content\"";
				DEVELOPMENT_TEAM = M82325R967;
				ENABLE_PREVIEWS = YES;
				GENERATE_INFOPLIST_FILE = YES;
				INFOPLIST_KEY_UIApplicationSceneManifest_Generation = YES;
				INFOPLIST_KEY_UIApplicationSupportsIndirectInputEvents = YES;
				INFOPLIST_KEY_UILaunchScreen_Generation = YES;
				INFOPLIST_KEY_UISupportedInterfaceOrientations_iPad = "UIInterfaceOrientationPortrait UIInterfaceOrientationPortraitUpsideDown UIInterfaceOrientationLandscapeLeft UIInterfaceOrientationLandscapeRight";
				INFOPLIST_KEY_UISupportedInterfaceOrientations_iPhone = "UIInterfaceOrientationPortrait UIInterfaceOrientationLandscapeLeft UIInterfaceOrientationLandscapeRight";
				LD_RUNPATH_SEARCH_PATHS = (
					"$(inherited)",
					"@executable_path/Frameworks",
				);
				MARKETING_VERSION = 1.0;
				PRODUCT_BUNDLE_IDENTIFIER = "fcody.-dSceneSwiftUI";
				PRODUCT_NAME = "$(TARGET_NAME)";
				SWIFT_EMIT_LOC_STRINGS = YES;
				SWIFT_VERSION = 5.0;
				TARGETED_DEVICE_FAMILY = "1,2";
			};
			name = Debug;
		};
		7D6328952AB76A3900E1EF2B /* Release */ = {
			isa = XCBuildConfiguration;
			buildSettings = {
				ASSETCATALOG_COMPILER_APPICON_NAME = AppIcon;
				ASSETCATALOG_COMPILER_GLOBAL_ACCENT_COLOR_NAME = AccentColor;
				CODE_SIGN_STYLE = Automatic;
				CURRENT_PROJECT_VERSION = 1;
				DEVELOPMENT_ASSET_PATHS = "\"3dSceneSwiftUI/Preview Content\"";
				DEVELOPMENT_TEAM = M82325R967;
				ENABLE_PREVIEWS = YES;
				GENERATE_INFOPLIST_FILE = YES;
				INFOPLIST_KEY_UIApplicationSceneManifest_Generation = YES;
				INFOPLIST_KEY_UIApplicationSupportsIndirectInputEvents = YES;
				INFOPLIST_KEY_UILaunchScreen_Generation = YES;
				INFOPLIST_KEY_UISupportedInterfaceOrientations_iPad = "UIInterfaceOrientationPortrait UIInterfaceOrientationPortraitUpsideDown UIInterfaceOrientationLandscapeLeft UIInterfaceOrientationLandscapeRight";
				INFOPLIST_KEY_UISupportedInterfaceOrientations_iPhone = "UIInterfaceOrientationPortrait UIInterfaceOrientationLandscapeLeft UIInterfaceOrientationLandscapeRight";
				LD_RUNPATH_SEARCH_PATHS = (
					"$(inherited)",
					"@executable_path/Frameworks",
				);
				MARKETING_VERSION = 1.0;
				PRODUCT_BUNDLE_IDENTIFIER = "fcody.-dSceneSwiftUI";
				PRODUCT_NAME = "$(TARGET_NAME)";
				SWIFT_EMIT_LOC_STRINGS = YES;
				SWIFT_VERSION = 5.0;
				TARGETED_DEVICE_FAMILY = "1,2";
			};
			name = Release;
		};
/* End XCBuildConfiguration section */

/* Begin XCConfigurationList section */
		7D6328802AB76A3700E1EF2B /* Build configuration list for PBXProject "3dSceneSwiftUI" */ = {
			isa = XCConfigurationList;
			buildConfigurations = (
				7D6328912AB76A3900E1EF2B /* Debug */,
				7D6328922AB76A3900E1EF2B /* Release */,
			);
			defaultConfigurationIsVisible = 0;
			defaultConfigurationName = Release;
		};
		7D6328932AB76A3900E1EF2B /* Build configuration list for PBXNativeTarget "3dSceneSwiftUI" */ = {
			isa = XCConfigurationList;
			buildConfigurations = (
				7D6328942AB76A3900E1EF2B /* Debug */,
				7D6328952AB76A3900E1EF2B /* Release */,
			);
			defaultConfigurationIsVisible = 0;
			defaultConfigurationName = Release;
		};
/* End XCConfigurationList section */

/* Begin XCRemoteSwiftPackageReference section */
		7DF2B0402AB7AABD00BC46AC /* XCRemoteSwiftPackageReference "turf-swift" */ = {
			isa = XCRemoteSwiftPackageReference;
			repositoryURL = "https://github.com/mapbox/turf-swift.git";
			requirement = {
				branch = main;
				kind = branch;
			};
		};
/* End XCRemoteSwiftPackageReference section */

/* Begin XCSwiftPackageProductDependency section */
		7DF2B0412AB7AABD00BC46AC /* Turf */ = {
			isa = XCSwiftPackageProductDependency;
			package = 7DF2B0402AB7AABD00BC46AC /* XCRemoteSwiftPackageReference "turf-swift" */;
			productName = Turf;
		};
/* End XCSwiftPackageProductDependency section */
	};
	rootObject = 7D63287D2AB76A3700E1EF2B /* Project object */;
}
